
Microsoft Visual Studio Solution File, Format Version 12.00
# Visual Studio 15
Project("{FAE04EC0-301F-11D3-BF4B-00C04F79EFBC}") = "Assembly-CSharp", "Assembly-CSharp.csproj", "{A9ECA90F-9EF3-6621-0D5F-B6EBA02443DE}"
EndProject
Project("{FAE04EC0-301F-11D3-BF4B-00C04F79EFBC}") = "Assembly-CSharp-firstpass", "Assembly-CSharp-firstpass.csproj", "{72771B85-0C3B-42D4-1120-0751F1641606}"
EndProject
Project("{FAE04EC0-301F-11D3-BF4B-00C04F79EFBC}") = "Assembly-CSharp-Editor-firstpass", "Assembly-CSharp-Editor-firstpass.csproj", "{F8BDF291-0A7A-0C5C-42B1-B3A675A88622}"
EndProject
Global
	GlobalSection(SolutionConfigurationPlatforms) = preSolution
		Debug|Any CPU = Debug|Any CPU
		Release|Any CPU = Release|Any CPU
	EndGlobalSection
	GlobalSection(ProjectConfigurationPlatforms) = postSolution
		{A9ECA90F-9EF3-6621-0D5F-B6EBA02443DE}.Debug|Any CPU.ActiveCfg = Debug|Any CPU
		{A9ECA90F-9EF3-6621-0D5F-B6EBA02443DE}.Debug|Any CPU.Build.0 = Debug|Any CPU
		{A9ECA90F-9EF3-6621-0D5F-B6EBA02443DE}.Release|Any CPU.ActiveCfg = Release|Any CPU
		{A9ECA90F-9EF3-6621-0D5F-B6EBA02443DE}.Release|Any CPU.Build.0 = Release|Any CPU
		{72771B85-0C3B-42D4-1120-0751F1641606}.Debug|Any CPU.ActiveCfg = Debug|Any CPU
		{72771B85-0C3B-42D4-1120-0751F1641606}.Debug|Any CPU.Build.0 = Debug|Any CPU
		{72771B85-0C3B-42D4-1120-0751F1641606}.Release|Any CPU.ActiveCfg = Release|Any CPU
		{72771B85-0C3B-42D4-1120-0751F1641606}.Release|Any CPU.Build.0 = Release|Any CPU
		{F8BDF291-0A7A-0C5C-42B1-B3A675A88622}.Debug|Any CPU.ActiveCfg = Debug|Any CPU
		{F8BDF291-0A7A-0C5C-42B1-B3A675A88622}.Debug|Any CPU.Build.0 = Debug|Any CPU
		{F8BDF291-0A7A-0C5C-42B1-B3A675A88622}.Release|Any CPU.ActiveCfg = Release|Any CPU
		{F8BDF291-0A7A-0C5C-42B1-B3A675A88622}.Release|Any CPU.Build.0 = Release|Any CPU
	EndGlobalSection
	GlobalSection(SolutionProperties) = preSolution
		HideSolutionNode = FALSE
	EndGlobalSection
EndGlobal
